
Microsoft Visual Studio Solution File, Format Version 12.00
# SQL Server Management Studio Version 21
VisualStudioVersion = 17.14.36429.23 d17.14
MinimumVisualStudioVersion = 10.0.40219.1
Project("{4F2E2C19-372F-40D8-9FA7-9D2138C6997A}") = "HEALTHOUTREACH", "HEALTHOUTREACH\HEALTHOUTREACH.ssmssqlproj", "{DAC0E694-9D3E-2DA3-5F5B-11E3C737F084}"
EndProject
Global
	GlobalSection(SolutionConfigurationPlatforms) = preSolution
		Default|Default = Default|Default
	EndGlobalSection
	GlobalSection(ProjectConfigurationPlatforms) = postSolution
		{DAC0E694-9D3E-2DA3-5F5B-11E3C737F084}.Default|Default.ActiveCfg = Default
	EndGlobalSection
	GlobalSection(SolutionProperties) = preSolution
		HideSolutionNode = FALSE
	EndGlobalSection
	GlobalSection(ExtensibilityGlobals) = postSolution
		SolutionGuid = {987E817A-D5B0-4C92-9D05-F2B02EF9E74B}
	EndGlobalSection
EndGlobal
